{
  "R": {
    "Version": "3.6.2",
    "Repositories": [
      {
        "Name": "CRAN",
        "URL": "https://cran.rstudio.com"
      }
    ]
  },
  "Packages": {
    "BH": {
      "Package": "BH",
      "Version": "1.72.0-3",
      "Source": "Repository",
      "Repository": "CRAN",
      "Hash": "8f9ce74c6417d61f0782cbae5fd2b7b0"
    },
    "DEoptimR": {
      "Package": "DEoptimR",
      "Version": "1.0-8",
      "Source": "Repository",
      "Repository": "CRAN",
      "Hash": "4fdd17df6c1b897cb59bdd9cf6621a43"
    },
    "MASS": {
      "Package": "MASS",
      "Version": "7.3-51.4",
      "Source": "Repository",
      "Repository": "CRAN",
      "Hash": "a94714e63996bc284b8795ec50defc07"
    },
    "Matrix": {
      "Package": "Matrix",
      "Version": "1.2-18",
      "Source": "Repository",
      "Repository": "CRAN",
      "Hash": "08588806cba69f04797dab50627428ed"
    },
    "R6": {
      "Package": "R6",
      "Version": "2.4.1",
      "Source": "Repository",
      "Repository": "CRAN",
      "Hash": "292b54f8f4b94669b08f94e5acce6be2"
    },
    "RColorBrewer": {
      "Package": "RColorBrewer",
      "Version": "1.1-2",
      "Source": "Repository",
      "Repository": "CRAN",
      "Hash": "e031418365a7f7a766181ab5a41a5716"
    },
    "Rcpp": {
      "Package": "Rcpp",
      "Version": "1.0.4.6",
      "Source": "Repository",
      "Repository": "CRAN",
      "Hash": "e652f23d8b1807cc975c51410d05b72f"
    },
    "animation": {
      "Package": "animation",
      "Version": "2.6",
      "Source": "Repository",
      "Repository": "CRAN",
      "Hash": "b726b7119ba99cc79dfdd24cb4ee6894"
    },
    "ape": {
      "Package": "ape",
      "Version": "5.3",
      "Source": "Repository",
      "Repository": "CRAN",
      "Hash": "35b0c2165569c94550d5e28b5a792b2f"
    },
    "askpass": {
      "Package": "askpass",
      "Version": "1.1",
      "Source": "Repository",
      "Repository": "CRAN",
      "Hash": "e8a22846fff485f0be3770c2da758713"
    },
    "assertthat": {
      "Package": "assertthat",
      "Version": "0.2.1",
      "Source": "Repository",
      "Repository": "CRAN",
      "Hash": "50c838a310445e954bc13f26f26a6ecf"
    },
    "base64": {
      "Package": "base64",
      "Version": "2.0",
      "Source": "Repository",
      "Repository": "CRAN",
      "Hash": "d86b5081d7db4c8ed343cdd35a7dbc43"
    },
    "base64enc": {
      "Package": "base64enc",
      "Version": "0.1-3",
      "Source": "Repository",
      "Repository": "CRAN",
      "Hash": "543776ae6848fde2f48ff3816d0628bc"
    },
    "cli": {
      "Package": "cli",
      "Version": "2.0.2",
      "Source": "Repository",
      "Repository": "CRAN",
      "Hash": "ff0becff7bfdfe3f75d29aff8f3172dd"
    },
    "coda": {
      "Package": "coda",
      "Version": "0.19-3",
      "Source": "Repository",
      "Repository": "CRAN",
      "Hash": "b177892d05d94358d282fcc303799593"
    },
    "codetools": {
      "Package": "codetools",
      "Version": "0.2-16",
      "Source": "Repository",
      "Repository": "CRAN",
      "Hash": "89cf4b8207269ccf82fbeb6473fd662b"
    },
    "colorspace": {
      "Package": "colorspace",
      "Version": "1.4-1",
      "Source": "Repository",
      "Repository": "CRAN",
      "Hash": "6b436e95723d1f0e861224dd9b094dfb"
    },
    "crayon": {
      "Package": "crayon",
      "Version": "1.3.4",
      "Source": "Repository",
      "Repository": "CRAN",
      "Hash": "0d57bc8e27b7ba9e45dba825ebc0de6b"
    },
    "curl": {
      "Package": "curl",
      "Version": "3.3",
      "Source": "Repository",
      "Repository": "CRAN",
      "Hash": "c71bf321a357db97242bc233a1f99a55"
    },
    "deSolve": {
      "Package": "deSolve",
      "Version": "1.28",
      "Source": "Repository",
      "Repository": "CRAN",
      "Hash": "eb265b52c7e032cc8276f0c96c14466c"
    },
    "digest": {
      "Package": "digest",
      "Version": "0.6.25",
      "Source": "Repository",
      "Repository": "CRAN",
      "Hash": "f697db7d92b7028c4b3436e9603fb636"
    },
    "doParallel": {
      "Package": "doParallel",
      "Version": "1.0.15",
      "Source": "Repository",
      "Repository": "CRAN",
      "Hash": "1886c5bce3d9c0b4f9d0b113d76f9357"
    },
    "dplyr": {
      "Package": "dplyr",
      "Version": "1.0.0",
      "Source": "Repository",
      "Repository": "CRAN",
      "Hash": "4011f62581a34080e44105d4aa05a97f"
    },
    "ellipsis": {
      "Package": "ellipsis",
      "Version": "0.3.1",
      "Source": "Repository",
      "Repository": "CRAN",
      "Hash": "fd2844b3a43ae2d27e70ece2df1b4e2a"
    },
    "ergm": {
      "Package": "ergm",
      "Version": "3.10.4",
      "Source": "Repository",
      "Repository": "CRAN",
      "Hash": "1a1139de15eff8d833086de8ad7cb377"
    },
    "evaluate": {
      "Package": "evaluate",
      "Version": "0.14",
      "Source": "Repository",
      "Repository": "CRAN",
      "Hash": "ec8ca05cffcc70569eaaad8469d2a3a7"
    },
    "fansi": {
      "Package": "fansi",
      "Version": "0.4.1",
      "Source": "Repository",
      "Repository": "CRAN",
      "Hash": "7fce217eaaf8016e72065e85c73027b5"
    },
    "farver": {
      "Package": "farver",
      "Version": "2.0.3",
      "Source": "Repository",
      "Repository": "CRAN",
      "Hash": "dad6793a5a1f73c8e91f1a1e3e834b05"
    },
    "foreach": {
      "Package": "foreach",
      "Version": "1.5.0",
      "Source": "Repository",
      "Repository": "CRAN",
      "Hash": "8fb3ff01ee7d85893f56df8d77213381"
    },
    "generics": {
      "Package": "generics",
      "Version": "0.0.2",
      "Source": "Repository",
      "Repository": "CRAN",
      "Hash": "b8cff1d1391fd1ad8b65877f4c7f2e53"
    },
    "ggplot2": {
      "Package": "ggplot2",
      "Version": "3.3.0",
      "Source": "Repository",
      "Repository": "CRAN",
      "Hash": "911561e07da928345f1ae2d69f97f3ea"
    },
    "glue": {
      "Package": "glue",
      "Version": "1.4.1",
      "Source": "Repository",
      "Repository": "CRAN",
      "Hash": "f43e0d5e85ccb0a4045670c0607ee504"
    },
    "gtable": {
      "Package": "gtable",
      "Version": "0.3.0",
      "Source": "Repository",
      "Repository": "CRAN",
      "Hash": "ac5c6baf7822ce8732b343f14c072c4d"
    },
    "highr": {
      "Package": "highr",
      "Version": "0.8",
      "Source": "Repository",
      "Repository": "CRAN",
      "Hash": "4dc5bb88961e347a0f4d8aad597cbfac"
    },
    "htmltools": {
      "Package": "htmltools",
      "Version": "0.3.6",
      "Source": "Repository",
      "Repository": "CRAN",
      "Hash": "74aa264d2e3b6214529cd33a5850a07f"
    },
    "httpuv": {
      "Package": "httpuv",
      "Version": "1.5.1",
      "Source": "Repository",
      "Repository": "CRAN",
      "Hash": "4776239b1a31ec357d9286170e853489"
    },
    "isoband": {
      "Package": "isoband",
      "Version": "0.2.0",
      "Source": "Repository",
      "Repository": "CRAN",
      "Hash": "15f6d57a664cd953a31ae4ea61e5e60e"
    },
    "iterators": {
      "Package": "iterators",
      "Version": "1.0.12",
      "Source": "Repository",
      "Repository": "CRAN",
      "Hash": "117128f48662573ff4c4e72608b9e202"
    },
    "jsonlite": {
      "Package": "jsonlite",
      "Version": "1.6",
      "Source": "Repository",
      "Repository": "CRAN",
      "Hash": "bc5739654d032acf531356e32e0d0f54"
    },
    "knitr": {
      "Package": "knitr",
      "Version": "1.23",
      "Source": "Repository",
      "Repository": "CRAN",
      "Hash": "38b6e864babc3e16a34d3d9a78c6a735"
    },
    "labeling": {
      "Package": "labeling",
      "Version": "0.3",
      "Source": "Repository",
      "Repository": "CRAN",
      "Hash": "73832978c1de350df58108c745ed0e3e"
    },
    "later": {
      "Package": "later",
      "Version": "0.8.0",
      "Source": "Repository",
      "Repository": "CRAN",
      "Hash": "4d673d34896f781e1557fcee73e542ed"
    },
    "lattice": {
      "Package": "lattice",
      "Version": "0.20-38",
      "Source": "Repository",
      "Repository": "CRAN",
      "Hash": "848f8c593fd1050371042d18d152e3d7"
    },
    "lazyeval": {
      "Package": "lazyeval",
      "Version": "0.2.2",
      "Source": "Repository",
      "Repository": "CRAN",
      "Hash": "d908914ae53b04d4c0c0fd72ecc35370"
    },
    "lifecycle": {
      "Package": "lifecycle",
      "Version": "0.2.0",
      "Source": "Repository",
      "Repository": "CRAN",
      "Hash": "361811f31f71f8a617a9a68bf63f1f42"
    },
    "lpSolve": {
      "Package": "lpSolve",
      "Version": "5.6.15",
      "Source": "Repository",
      "Repository": "CRAN",
      "Hash": "90c3bc497e7d5ec9dbb863621be15abb"
    },
    "magick": {
      "Package": "magick",
      "Version": "2.1",
      "Source": "Repository",
      "Repository": "CRAN",
      "Hash": "51e2de682bb2918a9ea8aced58426079"
    },
    "magrittr": {
      "Package": "magrittr",
      "Version": "1.5",
      "Source": "Repository",
      "Repository": "CRAN",
      "Hash": "1bb58822a20301cee84a41678e25d9b7"
    },
    "markdown": {
      "Package": "markdown",
      "Version": "0.9",
      "Source": "Repository",
      "Repository": "CRAN",
      "Hash": "6e05029d16b0df430ab2d31d151a3ac2"
    },
    "mgcv": {
      "Package": "mgcv",
      "Version": "1.8-31",
      "Source": "Repository",
      "Repository": "CRAN",
      "Hash": "4bb7e0c4f3557583e1e8d3c9ffb8ba5c"
    },
    "mime": {
      "Package": "mime",
      "Version": "0.6",
      "Source": "Repository",
      "Repository": "CRAN",
      "Hash": "65dd22e780565119a78036189cb3b885"
    },
    "munsell": {
      "Package": "munsell",
      "Version": "0.5.0",
      "Source": "Repository",
      "Repository": "CRAN",
      "Hash": "6dfe8bf774944bd5595785e3229d8771"
    },
    "ndtv": {
      "Package": "ndtv",
      "Version": "0.13.0",
      "Source": "Repository",
      "Repository": "CRAN",
      "Hash": "5cb36f02d5fb8228a023f90a0621a9de"
    },
    "network": {
      "Package": "network",
      "Version": "1.17.0-412",
      "Source": "GitHub",
      "RemoteType": "github",
      "RemoteHost": "api.github.com",
      "RemoteRepo": "network",
      "RemoteUsername": "statnet",
      "RemoteRef": "master",
      "RemoteSha": "7af8842f959ba193bc07368c9b15137cba7164ed",
      "Hash": "bfad050962df7b9125fbbb687fbe5b93"
    },
    "networkDynamic": {
      "Package": "networkDynamic",
      "Version": "0.10.1",
      "Source": "GitHub",
      "RemoteType": "github",
      "RemoteHost": "api.github.com",
      "RemoteRepo": "networkDynamic",
      "RemoteUsername": "statnet",
      "RemoteRef": "master",
      "RemoteSha": "157deded3ddc905dd29d08a8098c7a98b9ffcccf",
      "Hash": "99c4f945b35ff790d020da6dc5eb80f6"
    },
    "nlme": {
      "Package": "nlme",
      "Version": "3.1-140",
      "Source": "Repository",
      "Repository": "CRAN",
      "Hash": "79d4c59449e799385e98e222e5f8f950"
    },
    "openssl": {
      "Package": "openssl",
      "Version": "1.4",
      "Source": "Repository",
      "Repository": "CRAN",
      "Hash": "fd1f6c1cdd6519189d6d4a7d275da15f"
    },
    "pillar": {
      "Package": "pillar",
      "Version": "1.4.4",
      "Source": "Repository",
      "Repository": "CRAN",
      "Hash": "b01d2494d0e2b6b02fae40e1543fbcb0"
    },
    "pkgconfig": {
      "Package": "pkgconfig",
      "Version": "2.0.3",
      "Source": "Repository",
      "Repository": "CRAN",
      "Hash": "01f28d4278f15c76cddbea05899c5d6f"
    },
    "praise": {
      "Package": "praise",
      "Version": "1.0.0",
      "Source": "Repository",
      "Repository": "CRAN",
      "Hash": "a555924add98c99d2f411e37e7d25e9f"
    },
    "promises": {
      "Package": "promises",
      "Version": "1.0.1",
      "Source": "Repository",
      "Repository": "CRAN",
      "Hash": "e1983a27d5a79e89fe302623a758d88e"
    },
    "purrr": {
      "Package": "purrr",
      "Version": "0.3.4",
      "Source": "Repository",
      "Repository": "CRAN",
      "Hash": "97def703420c8ab10d8f0e6c72101e02"
    },
    "renv": {
      "Package": "renv",
      "Version": "0.11.0",
      "Source": "Repository",
      "Repository": "CRAN",
      "Hash": "1c3ef87cbb81c23ac96797781ec7aecc"
    },
    "rlang": {
      "Package": "rlang",
      "Version": "0.4.6",
      "Source": "Repository",
      "Repository": "CRAN",
      "Hash": "aa263e3ce17b177c49e0daade2ee3cdc"
    },
    "rmarkdown": {
      "Package": "rmarkdown",
      "Version": "1.13",
      "Source": "Repository",
      "Repository": "CRAN",
      "Hash": "122650e1982ea65085528dc5894b6c05"
    },
    "robustbase": {
      "Package": "robustbase",
      "Version": "0.93-6",
      "Source": "Repository",
      "Repository": "CRAN",
      "Hash": "241454e22c9d26b11669b78d06706b41"
    },
    "scales": {
      "Package": "scales",
      "Version": "1.1.0",
      "Source": "Repository",
      "Repository": "CRAN",
      "Hash": "a1c68369c629ea3188d0676e37069c65"
    },
    "shiny": {
      "Package": "shiny",
      "Version": "1.3.2",
      "Source": "Repository",
      "Repository": "CRAN",
      "Hash": "67d22f2e1e16eeb8d9b24a3036169ab4"
    },
    "sna": {
      "Package": "sna",
      "Version": "2.4",
      "Source": "Repository",
      "Repository": "CRAN",
      "Hash": "a82e73131cf615e37144011618bde4e1"
    },
    "sourcetools": {
      "Package": "sourcetools",
      "Version": "0.1.7",
      "Source": "Repository",
      "Repository": "CRAN",
      "Hash": "947e4e02a79effa5d512473e10f41797"
    },
    "statnet.common": {
      "Package": "statnet.common",
      "Version": "4.4.0-267",
      "Source": "GitHub",
      "RemoteType": "github",
      "RemoteHost": "api.github.com",
      "RemoteRepo": "statnet.common",
      "RemoteUsername": "statnet",
      "RemoteRef": "master",
      "RemoteSha": "3e115aa04e46f947d2f005eff83a3858f580ea2d",
      "Hash": "bf1ea3e9e641a41ebb23a6e2633c5811"
    },
    "stringi": {
      "Package": "stringi",
      "Version": "1.4.4",
      "Source": "Repository",
      "Repository": "CRAN",
      "Hash": "1bfac967a63355e00b68a6b3ad4899dc"
    },
    "stringr": {
      "Package": "stringr",
      "Version": "1.4.0",
      "Source": "Repository",
      "Repository": "CRAN",
      "Hash": "0759e6b6c0957edb1311028a49a35e76"
    },
    "sys": {
      "Package": "sys",
      "Version": "3.2",
      "Source": "Repository",
      "Repository": "CRAN",
      "Hash": "595c352c624e65f8f67f66a77a6409b6"
    },
    "tergm": {
      "Package": "tergm",
      "Version": "3.6.1",
      "Source": "Repository",
      "Repository": "CRAN",
      "Hash": "6f60d625fd1c55eb93b3e49cb5ce0803"
    },
    "tergmLite": {
      "Package": "tergmLite",
      "Version": "2.2.0",
      "Source": "GitHub",
      "RemoteType": "github",
      "RemoteHost": "api.github.com",
      "RemoteRepo": "tergmLite",
      "RemoteUsername": "statnet",
      "RemoteRef": "EpiModel2",
      "RemoteSha": "52209b9d2e93993a6d718b66b95ad0c608d2110e",
      "Hash": "86135c51408a9f9bcf69dc0bada47368"
    },
    "testthat": {
      "Package": "testthat",
      "Version": "2.2.1",
      "Source": "Repository",
      "Repository": "CRAN",
      "Hash": "b3668923d24802042bae95f3212d9dc1"
    },
    "tibble": {
      "Package": "tibble",
      "Version": "3.0.1",
      "Source": "Repository",
      "Repository": "CRAN",
      "Hash": "1c61e4cad000e03b1bd687db16a75926"
    },
    "tidyselect": {
      "Package": "tidyselect",
      "Version": "1.1.0",
      "Source": "Repository",
      "Repository": "CRAN",
      "Hash": "6ea435c354e8448819627cf686f66e0a"
    },
    "tinytex": {
      "Package": "tinytex",
      "Version": "0.24",
      "Source": "Repository",
      "Repository": "CRAN",
      "Hash": "8f24b65b86f4d6d7b1e2d8a4ce2c02fb"
    },
    "trust": {
      "Package": "trust",
      "Version": "0.1-8",
      "Source": "Repository",
      "Repository": "CRAN",
      "Hash": "f50614d2145ba1012b62ff75f2129d5b"
    },
    "utf8": {
      "Package": "utf8",
      "Version": "1.1.4",
      "Source": "Repository",
      "Repository": "CRAN",
      "Hash": "4a5081acfb7b81a572e4384a7aaf2af1"
    },
    "vctrs": {
      "Package": "vctrs",
      "Version": "0.3.1",
      "Source": "Repository",
      "Repository": "CRAN",
      "Hash": "1739235995f08583db4095a28c357207"
    },
    "viridisLite": {
      "Package": "viridisLite",
      "Version": "0.3.0",
      "Source": "Repository",
      "Repository": "CRAN",
      "Hash": "ce4f6271baa94776db692f1cb2055bee"
    },
    "withr": {
      "Package": "withr",
      "Version": "2.1.2",
      "Source": "Repository",
      "Repository": "CRAN",
      "Hash": "aa57ed55ff2df4bea697a07df528993d"
    },
    "xfun": {
      "Package": "xfun",
      "Version": "0.7",
      "Source": "Repository",
      "Repository": "CRAN",
      "Hash": "a75f1854ced6f8a6bbe07368c629e09a"
    },
    "xtable": {
      "Package": "xtable",
      "Version": "1.8-4",
      "Source": "Repository",
      "Repository": "CRAN",
      "Hash": "b8acdf8af494d9ec19ccb2481a9b11c2"
    },
    "yaml": {
      "Package": "yaml",
      "Version": "2.2.0",
      "Source": "Repository",
      "Repository": "CRAN",
      "Hash": "c78bdf1d16bd4ec7ecc86c6986d53309"
    }
  }
}
